// !$*UTF8*$!
{
	archiveVersion = 1;
	classes = {
	};
	objectVersion = 46;
	objects = {

/* Begin PBXBuildFile section */
		D80323961A2E0420009C949E /* main.m in Sources */ = {isa = PBXBuildFile; fileRef = D80323951A2E0420009C949E /* main.m */; };
		D80323991A2E0420009C949E /* AppDelegate.m in Sources */ = {isa = PBXBuildFile; fileRef = D80323981A2E0420009C949E /* AppDelegate.m */; };
		D803239C1A2E0420009C949E /* ViewController.m in Sources */ = {isa = PBXBuildFile; fileRef = D803239B1A2E0420009C949E /* ViewController.m */; };
		D803239F1A2E0420009C949E /* Main.storyboard in Resources */ = {isa = PBXBuildFile; fileRef = D803239D1A2E0420009C949E /* Main.storyboard */; };
		D80323A11A2E0420009C949E /* Images.xcassets in Resources */ = {isa = PBXBuildFile; fileRef = D80323A01A2E0420009C949E /* Images.xcassets */; };
		D80323A41A2E0420009C949E /* LaunchScreen.xib in Resources */ = {isa = PBXBuildFile; fileRef = D80323A21A2E0420009C949E /* LaunchScreen.xib */; };
		D80323B01A2E0420009C949E /* introToObjectiveCTests.m in Sources */ = {isa = PBXBuildFile; fileRef = D80323AF1A2E0420009C949E /* introToObjectiveCTests.m */; };
		D80323BB1A2E3A85009C949E /* FISDog.m in Sources */ = {isa = PBXBuildFile; fileRef = D80323BA1A2E3A85009C949E /* FISDog.m */; };
		D8B9A22D1A30A7D700D98715 /* FISCounterViewController.m in Sources */ = {isa = PBXBuildFile; fileRef = D8B9A22C1A30A7D700D98715 /* FISCounterViewController.m */; };
		D8B9A2301A30B1C100D98715 /* FISTextFieldTableViewCell.m in Sources */ = {isa = PBXBuildFile; fileRef = D8B9A22F1A30B1C100D98715 /* FISTextFieldTableViewCell.m */; };
/* End PBXBuildFile section */

/* Begin PBXContainerItemProxy section */
		D80323AA1A2E0420009C949E /* PBXContainerItemProxy */ = {
			isa = PBXContainerItemProxy;
			containerPortal = D80323881A2E0420009C949E /* Project object */;
			proxyType = 1;
			remoteGlobalIDString = D803238F1A2E0420009C949E;
			remoteInfo = introToObjectiveC;
		};
/* End PBXContainerItemProxy section */

/* Begin PBXFileReference section */
		D80323901A2E0420009C949E /* introToObjectiveC.app */ = {isa = PBXFileReference; explicitFileType = wrapper.application; includeInIndex = 0; path = introToObjectiveC.app; sourceTree = BUILT_PRODUCTS_DIR; };
		D80323941A2E0420009C949E /* Info.plist */ = {isa = PBXFileReference; lastKnownFileType = text.plist.xml; path = Info.plist; sourceTree = "<group>"; };
		D80323951A2E0420009C949E /* main.m */ = {isa = PBXFileReference; lastKnownFileType = sourcecode.c.objc; path = main.m; sourceTree = "<group>"; };
		D80323971A2E0420009C949E /* AppDelegate.h */ = {isa = PBXFileReference; lastKnownFileType = sourcecode.c.h; path = AppDelegate.h; sourceTree = "<group>"; };
		D80323981A2E0420009C949E /* AppDelegate.m */ = {isa = PBXFileReference; lastKnownFileType = sourcecode.c.objc; path = AppDelegate.m; sourceTree = "<group>"; };
		D803239A1A2E0420009C949E /* ViewController.h */ = {isa = PBXFileReference; lastKnownFileType = sourcecode.c.h; path = ViewController.h; sourceTree = "<group>"; };
		D803239B1A2E0420009C949E /* ViewController.m */ = {isa = PBXFileReference; lastKnownFileType = sourcecode.c.objc; path = ViewController.m; sourceTree = "<group>"; };
		D803239E1A2E0420009C949E /* Base */ = {isa = PBXFileReference; lastKnownFileType = file.storyboard; name = Base; path = Base.lproj/Main.storyboard; sourceTree = "<group>"; };
		D80323A01A2E0420009C949E /* Images.xcassets */ = {isa = PBXFileReference; lastKnownFileType = folder.assetcatalog; path = Images.xcassets; sourceTree = "<group>"; };
		D80323A31A2E0420009C949E /* Base */ = {isa = PBXFileReference; lastKnownFileType = file.xib; name = Base; path = Base.lproj/LaunchScreen.xib; sourceTree = "<group>"; };
		D80323A91A2E0420009C949E /* introToObjectiveCTests.xctest */ = {isa = PBXFileReference; explicitFileType = wrapper.cfbundle; includeInIndex = 0; path = introToObjectiveCTests.xctest; sourceTree = BUILT_PRODUCTS_DIR; };
		D80323AE1A2E0420009C949E /* Info.plist */ = {isa = PBXFileReference; lastKnownFileType = text.plist.xml; path = Info.plist; sourceTree = "<group>"; };
		D80323AF1A2E0420009C949E /* introToObjectiveCTests.m */ = {isa = PBXFileReference; lastKnownFileType = sourcecode.c.objc; path = introToObjectiveCTests.m; sourceTree = "<group>"; };
		D80323B91A2E3A85009C949E /* FISDog.h */ = {isa = PBXFileReference; fileEncoding = 4; lastKnownFileType = sourcecode.c.h; path = FISDog.h; sourceTree = "<group>"; };
		D80323BA1A2E3A85009C949E /* FISDog.m */ = {isa = PBXFileReference; fileEncoding = 4; lastKnownFileType = sourcecode.c.objc; path = FISDog.m; sourceTree = "<group>"; };
		D8B9A22B1A30A7D700D98715 /* FISCounterViewController.h */ = {isa = PBXFileReference; fileEncoding = 4; lastKnownFileType = sourcecode.c.h; path = FISCounterViewController.h; sourceTree = "<group>"; };
		D8B9A22C1A30A7D700D98715 /* FISCounterViewController.m */ = {isa = PBXFileReference; fileEncoding = 4; lastKnownFileType = sourcecode.c.objc; path = FISCounterViewController.m; sourceTree = "<group>"; };
		D8B9A22E1A30B1C100D98715 /* FISTextFieldTableViewCell.h */ = {isa = PBXFileReference; fileEncoding = 4; lastKnownFileType = sourcecode.c.h; path = FISTextFieldTableViewCell.h; sourceTree = "<group>"; };
		D8B9A22F1A30B1C100D98715 /* FISTextFieldTableViewCell.m */ = {isa = PBXFileReference; fileEncoding = 4; lastKnownFileType = sourcecode.c.objc; path = FISTextFieldTableViewCell.m; sourceTree = "<group>"; };
/* End PBXFileReference section */

/* Begin PBXFrameworksBuildPhase section */
		D803238D1A2E0420009C949E /* Frameworks */ = {
			isa = PBXFrameworksBuildPhase;
			buildActionMask = 2147483647;
			files = (
			);
			runOnlyForDeploymentPostprocessing = 0;
		};
		D80323A61A2E0420009C949E /* Frameworks */ = {
			isa = PBXFrameworksBuildPhase;
			buildActionMask = 2147483647;
			files = (
			);
			runOnlyForDeploymentPostprocessing = 0;
		};
/* End PBXFrameworksBuildPhase section */

/* Begin PBXGroup section */
		D80323871A2E0420009C949E = {
			isa = PBXGroup;
			children = (
				D80323921A2E0420009C949E /* introToObjectiveC */,
				D80323AC1A2E0420009C949E /* introToObjectiveCTests */,
				D80323911A2E0420009C949E /* Products */,
			);
			sourceTree = "<group>";
		};
		D80323911A2E0420009C949E /* Products */ = {
			isa = PBXGroup;
			children = (
				D80323901A2E0420009C949E /* introToObjectiveC.app */,
				D80323A91A2E0420009C949E /* introToObjectiveCTests.xctest */,
			);
			name = Products;
			sourceTree = "<group>";
		};
		D80323921A2E0420009C949E /* introToObjectiveC */ = {
			isa = PBXGroup;
			children = (
				D80323B91A2E3A85009C949E /* FISDog.h */,
				D80323BA1A2E3A85009C949E /* FISDog.m */,
				D80323971A2E0420009C949E /* AppDelegate.h */,
				D80323981A2E0420009C949E /* AppDelegate.m */,
				D803239A1A2E0420009C949E /* ViewController.h */,
				D803239B1A2E0420009C949E /* ViewController.m */,
				D803239D1A2E0420009C949E /* Main.storyboard */,
				D8B9A22E1A30B1C100D98715 /* FISTextFieldTableViewCell.h */,
				D8B9A22F1A30B1C100D98715 /* FISTextFieldTableViewCell.m */,
				D8B9A22B1A30A7D700D98715 /* FISCounterViewController.h */,
				D8B9A22C1A30A7D700D98715 /* FISCounterViewController.m */,
				D80323A01A2E0420009C949E /* Images.xcassets */,
				D80323A21A2E0420009C949E /* LaunchScreen.xib */,
				D80323931A2E0420009C949E /* Supporting Files */,
			);
			path = introToObjectiveC;
			sourceTree = "<group>";
		};
		D80323931A2E0420009C949E /* Supporting Files */ = {
			isa = PBXGroup;
			children = (
				D80323941A2E0420009C949E /* Info.plist */,
				D80323951A2E0420009C949E /* main.m */,
			);
			name = "Supporting Files";
			sourceTree = "<group>";
		};
		D80323AC1A2E0420009C949E /* introToObjectiveCTests */ = {
			isa = PBXGroup;
			children = (
				D80323AF1A2E0420009C949E /* introToObjectiveCTests.m */,
				D80323AD1A2E0420009C949E /* Supporting Files */,
			);
			path = introToObjectiveCTests;
			sourceTree = "<group>";
		};
		D80323AD1A2E0420009C949E /* Supporting Files */ = {
			isa = PBXGroup;
			children = (
				D80323AE1A2E0420009C949E /* Info.plist */,
			);
			name = "Supporting Files";
			sourceTree = "<group>";
		};
/* End PBXGroup section */

/* Begin PBXNativeTarget section */
		D803238F1A2E0420009C949E /* introToObjectiveC */ = {
			isa = PBXNativeTarget;
			buildConfigurationList = D80323B31A2E0420009C949E /* Build configuration list for PBXNativeTarget "introToObjectiveC" */;
			buildPhases = (
				D803238C1A2E0420009C949E /* Sources */,
				D803238D1A2E0420009C949E /* Frameworks */,
				D803238E1A2E0420009C949E /* Resources */,
			);
			buildRules = (
			);
			dependencies = (
			);
			name = introToObjectiveC;
			productName = introToObjectiveC;
			productReference = D80323901A2E0420009C949E /* introToObjectiveC.app */;
			productType = "com.apple.product-type.application";
		};
		D80323A81A2E0420009C949E /* introToObjectiveCTests */ = {
			isa = PBXNativeTarget;
			buildConfigurationList = D80323B61A2E0420009C949E /* Build configuration list for PBXNativeTarget "introToObjectiveCTests" */;
			buildPhases = (
				D80323A51A2E0420009C949E /* Sources */,
				D80323A61A2E0420009C949E /* Frameworks */,
				D80323A71A2E0420009C949E /* Resources */,
			);
			buildRules = (
			);
			dependencies = (
				D80323AB1A2E0420009C949E /* PBXTargetDependency */,
			);
			name = introToObjectiveCTests;
			productName = introToObjectiveCTests;
			productReference = D80323A91A2E0420009C949E /* introToObjectiveCTests.xctest */;
			productType = "com.apple.product-type.bundle.unit-test";
		};
/* End PBXNativeTarget section */

/* Begin PBXProject section */
		D80323881A2E0420009C949E /* Project object */ = {
			isa = PBXProject;
			attributes = {
				LastUpgradeCheck = 0610;
				ORGANIZATIONNAME = "Flatiron School";
				TargetAttributes = {
					D803238F1A2E0420009C949E = {
						CreatedOnToolsVersion = 6.1;
					};
					D80323A81A2E0420009C949E = {
						CreatedOnToolsVersion = 6.1;
						TestTargetID = D803238F1A2E0420009C949E;
					};
				};
			};
			buildConfigurationList = D803238B1A2E0420009C949E /* Build configuration list for PBXProject "introToObjectiveC" */;
			compatibilityVersion = "Xcode 3.2";
			developmentRegion = English;
			hasScannedForEncodings = 0;
			knownRegions = (
				en,
				Base,
			);
			mainGroup = D80323871A2E0420009C949E;
			productRefGroup = D80323911A2E0420009C949E /* Products */;
			projectDirPath = "";
			projectRoot = "";
			targets = (
				D803238F1A2E0420009C949E /* introToObjectiveC */,
				D80323A81A2E0420009C949E /* introToObjectiveCTests */,
			);
		};
/* End PBXProject section */

/* Begin PBXResourcesBuildPhase section */
		D803238E1A2E0420009C949E /* Resources */ = {
			isa = PBXResourcesBuildPhase;
			buildActionMask = 2147483647;
			files = (
				D803239F1A2E0420009C949E /* Main.storyboard in Resources */,
				D80323A41A2E0420009C949E /* LaunchScreen.xib in Resources */,
				D80323A11A2E0420009C949E /* Images.xcassets in Resources */,
			);
			runOnlyForDeploymentPostprocessing = 0;
		};
		D80323A71A2E0420009C949E /* Resources */ = {
			isa = PBXResourcesBuildPhase;
			buildActionMask = 2147483647;
			files = (
			);
			runOnlyForDeploymentPostprocessing = 0;
		};
/* End PBXResourcesBuildPhase section */

/* Begin PBXSourcesBuildPhase section */
		D803238C1A2E0420009C949E /* Sources */ = {
			isa = PBXSourcesBuildPhase;
			buildActionMask = 2147483647;
			files = (
				D8B9A2301A30B1C100D98715 /* FISTextFieldTableViewCell.m in Sources */,
				D803239C1A2E0420009C949E /* ViewController.m in Sources */,
				D80323991A2E0420009C949E /* AppDelegate.m in Sources */,
				D8B9A22D1A30A7D700D98715 /* FISCounterViewController.m in Sources */,
				D80323961A2E0420009C949E /* main.m in Sources */,
				D80323BB1A2E3A85009C949E /* FISDog.m in Sources */,
			);
			runOnlyForDeploymentPostprocessing = 0;
		};
		D80323A51A2E0420009C949E /* Sources */ = {
			isa = PBXSourcesBuildPhase;
			buildActionMask = 2147483647;
			files = (
				D80323B01A2E0420009C949E /* introToObjectiveCTests.m in Sources */,
			);
			runOnlyForDeploymentPostprocessing = 0;
		};
/* End PBXSourcesBuildPhase section */

/* Begin PBXTargetDependency section */
		D80323AB1A2E0420009C949E /* PBXTargetDependency */ = {
			isa = PBXTargetDependency;
			target = D803238F1A2E0420009C949E /* introToObjectiveC */;
			targetProxy = D80323AA1A2E0420009C949E /* PBXContainerItemProxy */;
		};
/* End PBXTargetDependency section */

/* Begin PBXVariantGroup section */
		D803239D1A2E0420009C949E /* Main.storyboard */ = {
			isa = PBXVariantGroup;
			children = (
				D803239E1A2E0420009C949E /* Base */,
			);
			name = Main.storyboard;
			sourceTree = "<group>";
		};
		D80323A21A2E0420009C949E /* LaunchScreen.xib */ = {
			isa = PBXVariantGroup;
			children = (
				D80323A31A2E0420009C949E /* Base */,
			);
			name = LaunchScreen.xib;
			sourceTree = "<group>";
		};
/* End PBXVariantGroup section */

/* Begin XCBuildConfiguration section */
		D80323B11A2E0420009C949E /* Debug */ = {
			isa = XCBuildConfiguration;
			buildSettings = {
				ALWAYS_SEARCH_USER_PATHS = NO;
				CLANG_CXX_LANGUAGE_STANDARD = "gnu++0x";
				CLANG_CXX_LIBRARY = "libc++";
				CLANG_ENABLE_MODULES = YES;
				CLANG_ENABLE_OBJC_ARC = YES;
				CLANG_WARN_BOOL_CONVERSION = YES;
				CLANG_WARN_CONSTANT_CONVERSION = YES;
				CLANG_WARN_DIRECT_OBJC_ISA_USAGE = YES_ERROR;
				CLANG_WARN_EMPTY_BODY = YES;
				CLANG_WARN_ENUM_CONVERSION = YES;
				CLANG_WARN_INT_CONVERSION = YES;
				CLANG_WARN_OBJC_ROOT_CLASS = YES_ERROR;
				CLANG_WARN_UNREACHABLE_CODE = YES;
				CLANG_WARN__DUPLICATE_METHOD_MATCH = YES;
				"CODE_SIGN_IDENTITY[sdk=iphoneos*]" = "iPhone Developer";
				COPY_PHASE_STRIP = NO;
				ENABLE_STRICT_OBJC_MSGSEND = YES;
				GCC_C_LANGUAGE_STANDARD = gnu99;
				GCC_DYNAMIC_NO_PIC = NO;
				GCC_OPTIMIZATION_LEVEL = 0;
				GCC_PREPROCESSOR_DEFINITIONS = (
					"DEBUG=1",
					"$(inherited)",
				);
				GCC_SYMBOLS_PRIVATE_EXTERN = NO;
				GCC_WARN_64_TO_32_BIT_CONVERSION = YES;
				GCC_WARN_ABOUT_RETURN_TYPE = YES_ERROR;
				GCC_WARN_UNDECLARED_SELECTOR = YES;
				GCC_WARN_UNINITIALIZED_AUTOS = YES_AGGRESSIVE;
				GCC_WARN_UNUSED_FUNCTION = YES;
				GCC_WARN_UNUSED_VARIABLE = YES;
				IPHONEOS_DEPLOYMENT_TARGET = 8.1;
				MTL_ENABLE_DEBUG_INFO = YES;
				ONLY_ACTIVE_ARCH = YES;
				SDKROOT = iphoneos;
			};
			name = Debug;
		};
		D80323B21A2E0420009C949E /* Release */ = {
			isa = XCBuildConfiguration;
			buildSettings = {
				ALWAYS_SEARCH_USER_PATHS = NO;
				CLANG_CXX_LANGUAGE_STANDARD = "gnu++0x";
				CLANG_CXX_LIBRARY = "libc++";
				CLANG_ENABLE_MODULES = YES;
				CLANG_ENABLE_OBJC_ARC = YES;
				CLANG_WARN_BOOL_CONVERSION = YES;
				CLANG_WARN_CONSTANT_CONVERSION = YES;
				CLANG_WARN_DIRECT_OBJC_ISA_USAGE = YES_ERROR;
				CLANG_WARN_EMPTY_BODY = YES;
				CLANG_WARN_ENUM_CONVERSION = YES;
				CLANG_WARN_INT_CONVERSION = YES;
				CLANG_WARN_OBJC_ROOT_CLASS = YES_ERROR;
				CLANG_WARN_UNREACHABLE_CODE = YES;
				CLANG_WARN__DUPLICATE_METHOD_MATCH = YES;
				"CODE_SIGN_IDENTITY[sdk=iphoneos*]" = "iPhone Developer";
				COPY_PHASE_STRIP = YES;
				ENABLE_NS_ASSERTIONS = NO;
				ENABLE_STRICT_OBJC_MSGSEND = YES;
				GCC_C_LANGUAGE_STANDARD = gnu99;
				GCC_WARN_64_TO_32_BIT_CONVERSION = YES;
				GCC_WARN_ABOUT_RETURN_TYPE = YES_ERROR;
				GCC_WARN_UNDECLARED_SELECTOR = YES;
				GCC_WARN_UNINITIALIZED_AUTOS = YES_AGGRESSIVE;
				GCC_WARN_UNUSED_FUNCTION = YES;
				GCC_WARN_UNUSED_VARIABLE = YES;
				IPHONEOS_DEPLOYMENT_TARGET = 8.1;
				MTL_ENABLE_DEBUG_INFO = NO;
				SDKROOT = iphoneos;
				VALIDATE_PRODUCT = YES;
			};
			name = Release;
		};
		D80323B41A2E0420009C949E /* Debug */ = {
			isa = XCBuildConfiguration;
			buildSettings = {
				ASSETCATALOG_COMPILER_APPICON_NAME = AppIcon;
				INFOPLIST_FILE = introToObjectiveC/Info.plist;
				LD_RUNPATH_SEARCH_PATHS = "$(inherited) @executable_path/Frameworks";
				PRODUCT_NAME = "$(TARGET_NAME)";
			};
			name = Debug;
		};
		D80323B51A2E0420009C949E /* Release */ = {
			isa = XCBuildConfiguration;
			buildSettings = {
				ASSETCATALOG_COMPILER_APPICON_NAME = AppIcon;
				INFOPLIST_FILE = introToObjectiveC/Info.plist;
				LD_RUNPATH_SEARCH_PATHS = "$(inherited) @executable_path/Frameworks";
				PRODUCT_NAME = "$(TARGET_NAME)";
			};
			name = Release;
		};
		D80323B71A2E0420009C949E /* Debug */ = {
			isa = XCBuildConfiguration;
			buildSettings = {
				BUNDLE_LOADER = "$(TEST_HOST)";
				FRAMEWORK_SEARCH_PATHS = (
					"$(SDKROOT)/Developer/Library/Frameworks",
					"$(inherited)",
				);
				GCC_PREPROCESSOR_DEFINITIONS = (
					"DEBUG=1",
					"$(inherited)",
				);
				INFOPLIST_FILE = introToObjectiveCTests/Info.plist;
				LD_RUNPATH_SEARCH_PATHS = "$(inherited) @executable_path/Frameworks @loader_path/Frameworks";
				PRODUCT_NAME = "$(TARGET_NAME)";
				TEST_HOST = "$(BUILT_PRODUCTS_DIR)/introToObjectiveC.app/introToObjectiveC";
			};
			name = Debug;
		};
		D80323B81A2E0420009C949E /* Release */ = {
			isa = XCBuildConfiguration;
			buildSettings = {
				BUNDLE_LOADER = "$(TEST_HOST)";
				FRAMEWORK_SEARCH_PATHS = (
					"$(SDKROOT)/Developer/Library/Frameworks",
					"$(inherited)",
				);
				INFOPLIST_FILE = introToObjectiveCTests/Info.plist;
				LD_RUNPATH_SEARCH_PATHS = "$(inherited) @executable_path/Frameworks @loader_path/Frameworks";
				PRODUCT_NAME = "$(TARGET_NAME)";
				TEST_HOST = "$(BUILT_PRODUCTS_DIR)/introToObjectiveC.app/introToObjectiveC";
			};
			name = Release;
		};
/* End XCBuildConfiguration section */

/* Begin XCConfigurationList section */
		D803238B1A2E0420009C949E /* Build configuration list for PBXProject "introToObjectiveC" */ = {
			isa = XCConfigurationList;
			buildConfigurations = (
				D80323B11A2E0420009C949E /* Debug */,
				D80323B21A2E0420009C949E /* Release */,
			);
			defaultConfigurationIsVisible = 0;
			defaultConfigurationName = Release;
		};
		D80323B31A2E0420009C949E /* Build configuration list for PBXNativeTarget "introToObjectiveC" */ = {
			isa = XCConfigurationList;
			buildConfigurations = (
				D80323B41A2E0420009C949E /* Debug */,
				D80323B51A2E0420009C949E /* Release */,
			);
			defaultConfigurationIsVisible = 0;
			defaultConfigurationName = Release;
		};
		D80323B61A2E0420009C949E /* Build configuration list for PBXNativeTarget "introToObjectiveCTests" */ = {
			isa = XCConfigurationList;
			buildConfigurations = (
				D80323B71A2E0420009C949E /* Debug */,
				D80323B81A2E0420009C949E /* Release */,
			);
			defaultConfigurationIsVisible = 0;
			defaultConfigurationName = Release;
		};
/* End XCConfigurationList section */
	};
	rootObject = D80323881A2E0420009C949E /* Project object */;
}
