// !$*UTF8*$!
{
	archiveVersion = 1;
	classes = {
	};
	objectVersion = 46;
	objects = {

/* Begin PBXBuildFile section */
		67CF666740249802859890B5 /* libPods-hittingAPIS.a in Frameworks */ = {isa = PBXBuildFile; fileRef = 59228625FD205FB681AA6D84 /* libPods-hittingAPIS.a */; };
		D8B9A2401A30EDDF00D98715 /* main.m in Sources */ = {isa = PBXBuildFile; fileRef = D8B9A23F1A30EDDF00D98715 /* main.m */; };
		D8B9A2431A30EDDF00D98715 /* AppDelegate.m in Sources */ = {isa = PBXBuildFile; fileRef = D8B9A2421A30EDDF00D98715 /* AppDelegate.m */; };
		D8B9A2461A30EDDF00D98715 /* ViewController.m in Sources */ = {isa = PBXBuildFile; fileRef = D8B9A2451A30EDDF00D98715 /* ViewController.m */; };
		D8B9A2491A30EDDF00D98715 /* Main.storyboard in Resources */ = {isa = PBXBuildFile; fileRef = D8B9A2471A30EDDF00D98715 /* Main.storyboard */; };
		D8B9A24B1A30EDDF00D98715 /* Images.xcassets in Resources */ = {isa = PBXBuildFile; fileRef = D8B9A24A1A30EDDF00D98715 /* Images.xcassets */; };
		D8B9A24E1A30EDDF00D98715 /* LaunchScreen.xib in Resources */ = {isa = PBXBuildFile; fileRef = D8B9A24C1A30EDDF00D98715 /* LaunchScreen.xib */; };
		D8B9A25A1A30EDDF00D98715 /* hittingAPISTests.m in Sources */ = {isa = PBXBuildFile; fileRef = D8B9A2591A30EDDF00D98715 /* hittingAPISTests.m */; };
		D8B9A2651A30F96000D98715 /* FISDoSomethingAPIClient.m in Sources */ = {isa = PBXBuildFile; fileRef = D8B9A2641A30F96000D98715 /* FISDoSomethingAPIClient.m */; };
/* End PBXBuildFile section */

/* Begin PBXContainerItemProxy section */
		D8B9A2541A30EDDF00D98715 /* PBXContainerItemProxy */ = {
			isa = PBXContainerItemProxy;
			containerPortal = D8B9A2321A30EDDF00D98715 /* Project object */;
			proxyType = 1;
			remoteGlobalIDString = D8B9A2391A30EDDF00D98715;
			remoteInfo = hittingAPIS;
		};
/* End PBXContainerItemProxy section */

/* Begin PBXFileReference section */
		1D683B9A8961977943D0D504 /* Pods-hittingAPIS.release.xcconfig */ = {isa = PBXFileReference; includeInIndex = 1; lastKnownFileType = text.xcconfig; name = "Pods-hittingAPIS.release.xcconfig"; path = "Pods/Target Support Files/Pods-hittingAPIS/Pods-hittingAPIS.release.xcconfig"; sourceTree = "<group>"; };
		59228625FD205FB681AA6D84 /* libPods-hittingAPIS.a */ = {isa = PBXFileReference; explicitFileType = archive.ar; includeInIndex = 0; path = "libPods-hittingAPIS.a"; sourceTree = BUILT_PRODUCTS_DIR; };
		D29110F1955120314FB6162E /* Pods-hittingAPIS.debug.xcconfig */ = {isa = PBXFileReference; includeInIndex = 1; lastKnownFileType = text.xcconfig; name = "Pods-hittingAPIS.debug.xcconfig"; path = "Pods/Target Support Files/Pods-hittingAPIS/Pods-hittingAPIS.debug.xcconfig"; sourceTree = "<group>"; };
		D8B9A23A1A30EDDF00D98715 /* hittingAPIS.app */ = {isa = PBXFileReference; explicitFileType = wrapper.application; includeInIndex = 0; path = hittingAPIS.app; sourceTree = BUILT_PRODUCTS_DIR; };
		D8B9A23E1A30EDDF00D98715 /* Info.plist */ = {isa = PBXFileReference; lastKnownFileType = text.plist.xml; path = Info.plist; sourceTree = "<group>"; };
		D8B9A23F1A30EDDF00D98715 /* main.m */ = {isa = PBXFileReference; lastKnownFileType = sourcecode.c.objc; path = main.m; sourceTree = "<group>"; };
		D8B9A2411A30EDDF00D98715 /* AppDelegate.h */ = {isa = PBXFileReference; lastKnownFileType = sourcecode.c.h; path = AppDelegate.h; sourceTree = "<group>"; };
		D8B9A2421A30EDDF00D98715 /* AppDelegate.m */ = {isa = PBXFileReference; lastKnownFileType = sourcecode.c.objc; path = AppDelegate.m; sourceTree = "<group>"; };
		D8B9A2441A30EDDF00D98715 /* ViewController.h */ = {isa = PBXFileReference; lastKnownFileType = sourcecode.c.h; path = ViewController.h; sourceTree = "<group>"; };
		D8B9A2451A30EDDF00D98715 /* ViewController.m */ = {isa = PBXFileReference; lastKnownFileType = sourcecode.c.objc; path = ViewController.m; sourceTree = "<group>"; };
		D8B9A2481A30EDDF00D98715 /* Base */ = {isa = PBXFileReference; lastKnownFileType = file.storyboard; name = Base; path = Base.lproj/Main.storyboard; sourceTree = "<group>"; };
		D8B9A24A1A30EDDF00D98715 /* Images.xcassets */ = {isa = PBXFileReference; lastKnownFileType = folder.assetcatalog; path = Images.xcassets; sourceTree = "<group>"; };
		D8B9A24D1A30EDDF00D98715 /* Base */ = {isa = PBXFileReference; lastKnownFileType = file.xib; name = Base; path = Base.lproj/LaunchScreen.xib; sourceTree = "<group>"; };
		D8B9A2531A30EDDF00D98715 /* hittingAPISTests.xctest */ = {isa = PBXFileReference; explicitFileType = wrapper.cfbundle; includeInIndex = 0; path = hittingAPISTests.xctest; sourceTree = BUILT_PRODUCTS_DIR; };
		D8B9A2581A30EDDF00D98715 /* Info.plist */ = {isa = PBXFileReference; lastKnownFileType = text.plist.xml; path = Info.plist; sourceTree = "<group>"; };
		D8B9A2591A30EDDF00D98715 /* hittingAPISTests.m */ = {isa = PBXFileReference; lastKnownFileType = sourcecode.c.objc; path = hittingAPISTests.m; sourceTree = "<group>"; };
		D8B9A2631A30F96000D98715 /* FISDoSomethingAPIClient.h */ = {isa = PBXFileReference; fileEncoding = 4; lastKnownFileType = sourcecode.c.h; path = FISDoSomethingAPIClient.h; sourceTree = "<group>"; };
		D8B9A2641A30F96000D98715 /* FISDoSomethingAPIClient.m */ = {isa = PBXFileReference; fileEncoding = 4; lastKnownFileType = sourcecode.c.objc; path = FISDoSomethingAPIClient.m; sourceTree = "<group>"; };
/* End PBXFileReference section */

/* Begin PBXFrameworksBuildPhase section */
		D8B9A2371A30EDDF00D98715 /* Frameworks */ = {
			isa = PBXFrameworksBuildPhase;
			buildActionMask = 2147483647;
			files = (
				67CF666740249802859890B5 /* libPods-hittingAPIS.a in Frameworks */,
			);
			runOnlyForDeploymentPostprocessing = 0;
		};
		D8B9A2501A30EDDF00D98715 /* Frameworks */ = {
			isa = PBXFrameworksBuildPhase;
			buildActionMask = 2147483647;
			files = (
			);
			runOnlyForDeploymentPostprocessing = 0;
		};
/* End PBXFrameworksBuildPhase section */

/* Begin PBXGroup section */
		0363FD0796365349F6476877 /* Pods */ = {
			isa = PBXGroup;
			children = (
				D29110F1955120314FB6162E /* Pods-hittingAPIS.debug.xcconfig */,
				1D683B9A8961977943D0D504 /* Pods-hittingAPIS.release.xcconfig */,
			);
			name = Pods;
			sourceTree = "<group>";
		};
		518BE3D2B1F9A1D4F83105B6 /* Frameworks */ = {
			isa = PBXGroup;
			children = (
				59228625FD205FB681AA6D84 /* libPods-hittingAPIS.a */,
			);
			name = Frameworks;
			sourceTree = "<group>";
		};
		D8B9A2311A30EDDF00D98715 = {
			isa = PBXGroup;
			children = (
				D8B9A23C1A30EDDF00D98715 /* hittingAPIS */,
				D8B9A2561A30EDDF00D98715 /* hittingAPISTests */,
				D8B9A23B1A30EDDF00D98715 /* Products */,
				0363FD0796365349F6476877 /* Pods */,
				518BE3D2B1F9A1D4F83105B6 /* Frameworks */,
			);
			sourceTree = "<group>";
		};
		D8B9A23B1A30EDDF00D98715 /* Products */ = {
			isa = PBXGroup;
			children = (
				D8B9A23A1A30EDDF00D98715 /* hittingAPIS.app */,
				D8B9A2531A30EDDF00D98715 /* hittingAPISTests.xctest */,
			);
			name = Products;
			sourceTree = "<group>";
		};
		D8B9A23C1A30EDDF00D98715 /* hittingAPIS */ = {
			isa = PBXGroup;
			children = (
				D8B9A2411A30EDDF00D98715 /* AppDelegate.h */,
				D8B9A2421A30EDDF00D98715 /* AppDelegate.m */,
				D8B9A2441A30EDDF00D98715 /* ViewController.h */,
				D8B9A2451A30EDDF00D98715 /* ViewController.m */,
				D8B9A2631A30F96000D98715 /* FISDoSomethingAPIClient.h */,
				D8B9A2641A30F96000D98715 /* FISDoSomethingAPIClient.m */,
				D8B9A2471A30EDDF00D98715 /* Main.storyboard */,
				D8B9A24A1A30EDDF00D98715 /* Images.xcassets */,
				D8B9A24C1A30EDDF00D98715 /* LaunchScreen.xib */,
				D8B9A23D1A30EDDF00D98715 /* Supporting Files */,
			);
			path = hittingAPIS;
			sourceTree = "<group>";
		};
		D8B9A23D1A30EDDF00D98715 /* Supporting Files */ = {
			isa = PBXGroup;
			children = (
				D8B9A23E1A30EDDF00D98715 /* Info.plist */,
				D8B9A23F1A30EDDF00D98715 /* main.m */,
			);
			name = "Supporting Files";
			sourceTree = "<group>";
		};
		D8B9A2561A30EDDF00D98715 /* hittingAPISTests */ = {
			isa = PBXGroup;
			children = (
				D8B9A2591A30EDDF00D98715 /* hittingAPISTests.m */,
				D8B9A2571A30EDDF00D98715 /* Supporting Files */,
			);
			path = hittingAPISTests;
			sourceTree = "<group>";
		};
		D8B9A2571A30EDDF00D98715 /* Supporting Files */ = {
			isa = PBXGroup;
			children = (
				D8B9A2581A30EDDF00D98715 /* Info.plist */,
			);
			name = "Supporting Files";
			sourceTree = "<group>";
		};
/* End PBXGroup section */

/* Begin PBXNativeTarget section */
		D8B9A2391A30EDDF00D98715 /* hittingAPIS */ = {
			isa = PBXNativeTarget;
			buildConfigurationList = D8B9A25D1A30EDE000D98715 /* Build configuration list for PBXNativeTarget "hittingAPIS" */;
			buildPhases = (
				640F4CC33E365288BE761AC4 /* Check Pods Manifest.lock */,
				D8B9A2361A30EDDF00D98715 /* Sources */,
				D8B9A2371A30EDDF00D98715 /* Frameworks */,
				D8B9A2381A30EDDF00D98715 /* Resources */,
				0FDEBBDA0170F86A0C8214A6 /* Copy Pods Resources */,
			);
			buildRules = (
			);
			dependencies = (
			);
			name = hittingAPIS;
			productName = hittingAPIS;
			productReference = D8B9A23A1A30EDDF00D98715 /* hittingAPIS.app */;
			productType = "com.apple.product-type.application";
		};
		D8B9A2521A30EDDF00D98715 /* hittingAPISTests */ = {
			isa = PBXNativeTarget;
			buildConfigurationList = D8B9A2601A30EDE000D98715 /* Build configuration list for PBXNativeTarget "hittingAPISTests" */;
			buildPhases = (
				D8B9A24F1A30EDDF00D98715 /* Sources */,
				D8B9A2501A30EDDF00D98715 /* Frameworks */,
				D8B9A2511A30EDDF00D98715 /* Resources */,
			);
			buildRules = (
			);
			dependencies = (
				D8B9A2551A30EDDF00D98715 /* PBXTargetDependency */,
			);
			name = hittingAPISTests;
			productName = hittingAPISTests;
			productReference = D8B9A2531A30EDDF00D98715 /* hittingAPISTests.xctest */;
			productType = "com.apple.product-type.bundle.unit-test";
		};
/* End PBXNativeTarget section */

/* Begin PBXProject section */
		D8B9A2321A30EDDF00D98715 /* Project object */ = {
			isa = PBXProject;
			attributes = {
				LastUpgradeCheck = 0610;
				ORGANIZATIONNAME = "Flatiron School";
				TargetAttributes = {
					D8B9A2391A30EDDF00D98715 = {
						CreatedOnToolsVersion = 6.1;
					};
					D8B9A2521A30EDDF00D98715 = {
						CreatedOnToolsVersion = 6.1;
						TestTargetID = D8B9A2391A30EDDF00D98715;
					};
				};
			};
			buildConfigurationList = D8B9A2351A30EDDF00D98715 /* Build configuration list for PBXProject "hittingAPIS" */;
			compatibilityVersion = "Xcode 3.2";
			developmentRegion = English;
			hasScannedForEncodings = 0;
			knownRegions = (
				en,
				Base,
			);
			mainGroup = D8B9A2311A30EDDF00D98715;
			productRefGroup = D8B9A23B1A30EDDF00D98715 /* Products */;
			projectDirPath = "";
			projectRoot = "";
			targets = (
				D8B9A2391A30EDDF00D98715 /* hittingAPIS */,
				D8B9A2521A30EDDF00D98715 /* hittingAPISTests */,
			);
		};
/* End PBXProject section */

/* Begin PBXResourcesBuildPhase section */
		D8B9A2381A30EDDF00D98715 /* Resources */ = {
			isa = PBXResourcesBuildPhase;
			buildActionMask = 2147483647;
			files = (
				D8B9A2491A30EDDF00D98715 /* Main.storyboard in Resources */,
				D8B9A24E1A30EDDF00D98715 /* LaunchScreen.xib in Resources */,
				D8B9A24B1A30EDDF00D98715 /* Images.xcassets in Resources */,
			);
			runOnlyForDeploymentPostprocessing = 0;
		};
		D8B9A2511A30EDDF00D98715 /* Resources */ = {
			isa = PBXResourcesBuildPhase;
			buildActionMask = 2147483647;
			files = (
			);
			runOnlyForDeploymentPostprocessing = 0;
		};
/* End PBXResourcesBuildPhase section */

/* Begin PBXShellScriptBuildPhase section */
		0FDEBBDA0170F86A0C8214A6 /* Copy Pods Resources */ = {
			isa = PBXShellScriptBuildPhase;
			buildActionMask = 2147483647;
			files = (
			);
			inputPaths = (
			);
			name = "Copy Pods Resources";
			outputPaths = (
			);
			runOnlyForDeploymentPostprocessing = 0;
			shellPath = /bin/sh;
			shellScript = "\"${SRCROOT}/Pods/Target Support Files/Pods-hittingAPIS/Pods-hittingAPIS-resources.sh\"\n";
			showEnvVarsInLog = 0;
		};
		640F4CC33E365288BE761AC4 /* Check Pods Manifest.lock */ = {
			isa = PBXShellScriptBuildPhase;
			buildActionMask = 2147483647;
			files = (
			);
			inputPaths = (
			);
			name = "Check Pods Manifest.lock";
			outputPaths = (
			);
			runOnlyForDeploymentPostprocessing = 0;
			shellPath = /bin/sh;
			shellScript = "diff \"${PODS_ROOT}/../Podfile.lock\" \"${PODS_ROOT}/Manifest.lock\" > /dev/null\nif [[ $? != 0 ]] ; then\n    cat << EOM\nerror: The sandbox is not in sync with the Podfile.lock. Run 'pod install' or update your CocoaPods installation.\nEOM\n    exit 1\nfi\n";
			showEnvVarsInLog = 0;
		};
/* End PBXShellScriptBuildPhase section */

/* Begin PBXSourcesBuildPhase section */
		D8B9A2361A30EDDF00D98715 /* Sources */ = {
			isa = PBXSourcesBuildPhase;
			buildActionMask = 2147483647;
			files = (
				D8B9A2651A30F96000D98715 /* FISDoSomethingAPIClient.m in Sources */,
				D8B9A2461A30EDDF00D98715 /* ViewController.m in Sources */,
				D8B9A2431A30EDDF00D98715 /* AppDelegate.m in Sources */,
				D8B9A2401A30EDDF00D98715 /* main.m in Sources */,
			);
			runOnlyForDeploymentPostprocessing = 0;
		};
		D8B9A24F1A30EDDF00D98715 /* Sources */ = {
			isa = PBXSourcesBuildPhase;
			buildActionMask = 2147483647;
			files = (
				D8B9A25A1A30EDDF00D98715 /* hittingAPISTests.m in Sources */,
			);
			runOnlyForDeploymentPostprocessing = 0;
		};
/* End PBXSourcesBuildPhase section */

/* Begin PBXTargetDependency section */
		D8B9A2551A30EDDF00D98715 /* PBXTargetDependency */ = {
			isa = PBXTargetDependency;
			target = D8B9A2391A30EDDF00D98715 /* hittingAPIS */;
			targetProxy = D8B9A2541A30EDDF00D98715 /* PBXContainerItemProxy */;
		};
/* End PBXTargetDependency section */

/* Begin PBXVariantGroup section */
		D8B9A2471A30EDDF00D98715 /* Main.storyboard */ = {
			isa = PBXVariantGroup;
			children = (
				D8B9A2481A30EDDF00D98715 /* Base */,
			);
			name = Main.storyboard;
			sourceTree = "<group>";
		};
		D8B9A24C1A30EDDF00D98715 /* LaunchScreen.xib */ = {
			isa = PBXVariantGroup;
			children = (
				D8B9A24D1A30EDDF00D98715 /* Base */,
			);
			name = LaunchScreen.xib;
			sourceTree = "<group>";
		};
/* End PBXVariantGroup section */

/* Begin XCBuildConfiguration section */
		D8B9A25B1A30EDE000D98715 /* Debug */ = {
			isa = XCBuildConfiguration;
			buildSettings = {
				ALWAYS_SEARCH_USER_PATHS = NO;
				CLANG_CXX_LANGUAGE_STANDARD = "gnu++0x";
				CLANG_CXX_LIBRARY = "libc++";
				CLANG_ENABLE_MODULES = YES;
				CLANG_ENABLE_OBJC_ARC = YES;
				CLANG_WARN_BOOL_CONVERSION = YES;
				CLANG_WARN_CONSTANT_CONVERSION = YES;
				CLANG_WARN_DIRECT_OBJC_ISA_USAGE = YES_ERROR;
				CLANG_WARN_EMPTY_BODY = YES;
				CLANG_WARN_ENUM_CONVERSION = YES;
				CLANG_WARN_INT_CONVERSION = YES;
				CLANG_WARN_OBJC_ROOT_CLASS = YES_ERROR;
				CLANG_WARN_UNREACHABLE_CODE = YES;
				CLANG_WARN__DUPLICATE_METHOD_MATCH = YES;
				"CODE_SIGN_IDENTITY[sdk=iphoneos*]" = "iPhone Developer";
				COPY_PHASE_STRIP = NO;
				ENABLE_STRICT_OBJC_MSGSEND = YES;
				GCC_C_LANGUAGE_STANDARD = gnu99;
				GCC_DYNAMIC_NO_PIC = NO;
				GCC_OPTIMIZATION_LEVEL = 0;
				GCC_PREPROCESSOR_DEFINITIONS = (
					"DEBUG=1",
					"$(inherited)",
				);
				GCC_SYMBOLS_PRIVATE_EXTERN = NO;
				GCC_WARN_64_TO_32_BIT_CONVERSION = YES;
				GCC_WARN_ABOUT_RETURN_TYPE = YES_ERROR;
				GCC_WARN_UNDECLARED_SELECTOR = YES;
				GCC_WARN_UNINITIALIZED_AUTOS = YES_AGGRESSIVE;
				GCC_WARN_UNUSED_FUNCTION = YES;
				GCC_WARN_UNUSED_VARIABLE = YES;
				IPHONEOS_DEPLOYMENT_TARGET = 8.1;
				MTL_ENABLE_DEBUG_INFO = YES;
				ONLY_ACTIVE_ARCH = YES;
				SDKROOT = iphoneos;
			};
			name = Debug;
		};
		D8B9A25C1A30EDE000D98715 /* Release */ = {
			isa = XCBuildConfiguration;
			buildSettings = {
				ALWAYS_SEARCH_USER_PATHS = NO;
				CLANG_CXX_LANGUAGE_STANDARD = "gnu++0x";
				CLANG_CXX_LIBRARY = "libc++";
				CLANG_ENABLE_MODULES = YES;
				CLANG_ENABLE_OBJC_ARC = YES;
				CLANG_WARN_BOOL_CONVERSION = YES;
				CLANG_WARN_CONSTANT_CONVERSION = YES;
				CLANG_WARN_DIRECT_OBJC_ISA_USAGE = YES_ERROR;
				CLANG_WARN_EMPTY_BODY = YES;
				CLANG_WARN_ENUM_CONVERSION = YES;
				CLANG_WARN_INT_CONVERSION = YES;
				CLANG_WARN_OBJC_ROOT_CLASS = YES_ERROR;
				CLANG_WARN_UNREACHABLE_CODE = YES;
				CLANG_WARN__DUPLICATE_METHOD_MATCH = YES;
				"CODE_SIGN_IDENTITY[sdk=iphoneos*]" = "iPhone Developer";
				COPY_PHASE_STRIP = YES;
				ENABLE_NS_ASSERTIONS = NO;
				ENABLE_STRICT_OBJC_MSGSEND = YES;
				GCC_C_LANGUAGE_STANDARD = gnu99;
				GCC_WARN_64_TO_32_BIT_CONVERSION = YES;
				GCC_WARN_ABOUT_RETURN_TYPE = YES_ERROR;
				GCC_WARN_UNDECLARED_SELECTOR = YES;
				GCC_WARN_UNINITIALIZED_AUTOS = YES_AGGRESSIVE;
				GCC_WARN_UNUSED_FUNCTION = YES;
				GCC_WARN_UNUSED_VARIABLE = YES;
				IPHONEOS_DEPLOYMENT_TARGET = 8.1;
				MTL_ENABLE_DEBUG_INFO = NO;
				SDKROOT = iphoneos;
				VALIDATE_PRODUCT = YES;
			};
			name = Release;
		};
		D8B9A25E1A30EDE000D98715 /* Debug */ = {
			isa = XCBuildConfiguration;
			baseConfigurationReference = D29110F1955120314FB6162E /* Pods-hittingAPIS.debug.xcconfig */;
			buildSettings = {
				ASSETCATALOG_COMPILER_APPICON_NAME = AppIcon;
				INFOPLIST_FILE = hittingAPIS/Info.plist;
				LD_RUNPATH_SEARCH_PATHS = "$(inherited) @executable_path/Frameworks";
				PRODUCT_NAME = "$(TARGET_NAME)";
			};
			name = Debug;
		};
		D8B9A25F1A30EDE000D98715 /* Release */ = {
			isa = XCBuildConfiguration;
			baseConfigurationReference = 1D683B9A8961977943D0D504 /* Pods-hittingAPIS.release.xcconfig */;
			buildSettings = {
				ASSETCATALOG_COMPILER_APPICON_NAME = AppIcon;
				INFOPLIST_FILE = hittingAPIS/Info.plist;
				LD_RUNPATH_SEARCH_PATHS = "$(inherited) @executable_path/Frameworks";
				PRODUCT_NAME = "$(TARGET_NAME)";
			};
			name = Release;
		};
		D8B9A2611A30EDE000D98715 /* Debug */ = {
			isa = XCBuildConfiguration;
			buildSettings = {
				BUNDLE_LOADER = "$(TEST_HOST)";
				FRAMEWORK_SEARCH_PATHS = (
					"$(SDKROOT)/Developer/Library/Frameworks",
					"$(inherited)",
				);
				GCC_PREPROCESSOR_DEFINITIONS = (
					"DEBUG=1",
					"$(inherited)",
				);
				INFOPLIST_FILE = hittingAPISTests/Info.plist;
				LD_RUNPATH_SEARCH_PATHS = "$(inherited) @executable_path/Frameworks @loader_path/Frameworks";
				PRODUCT_NAME = "$(TARGET_NAME)";
				TEST_HOST = "$(BUILT_PRODUCTS_DIR)/hittingAPIS.app/hittingAPIS";
			};
			name = Debug;
		};
		D8B9A2621A30EDE000D98715 /* Release */ = {
			isa = XCBuildConfiguration;
			buildSettings = {
				BUNDLE_LOADER = "$(TEST_HOST)";
				FRAMEWORK_SEARCH_PATHS = (
					"$(SDKROOT)/Developer/Library/Frameworks",
					"$(inherited)",
				);
				INFOPLIST_FILE = hittingAPISTests/Info.plist;
				LD_RUNPATH_SEARCH_PATHS = "$(inherited) @executable_path/Frameworks @loader_path/Frameworks";
				PRODUCT_NAME = "$(TARGET_NAME)";
				TEST_HOST = "$(BUILT_PRODUCTS_DIR)/hittingAPIS.app/hittingAPIS";
			};
			name = Release;
		};
/* End XCBuildConfiguration section */

/* Begin XCConfigurationList section */
		D8B9A2351A30EDDF00D98715 /* Build configuration list for PBXProject "hittingAPIS" */ = {
			isa = XCConfigurationList;
			buildConfigurations = (
				D8B9A25B1A30EDE000D98715 /* Debug */,
				D8B9A25C1A30EDE000D98715 /* Release */,
			);
			defaultConfigurationIsVisible = 0;
			defaultConfigurationName = Release;
		};
		D8B9A25D1A30EDE000D98715 /* Build configuration list for PBXNativeTarget "hittingAPIS" */ = {
			isa = XCConfigurationList;
			buildConfigurations = (
				D8B9A25E1A30EDE000D98715 /* Debug */,
				D8B9A25F1A30EDE000D98715 /* Release */,
			);
			defaultConfigurationIsVisible = 0;
			defaultConfigurationName = Release;
		};
		D8B9A2601A30EDE000D98715 /* Build configuration list for PBXNativeTarget "hittingAPISTests" */ = {
			isa = XCConfigurationList;
			buildConfigurations = (
				D8B9A2611A30EDE000D98715 /* Debug */,
				D8B9A2621A30EDE000D98715 /* Release */,
			);
			defaultConfigurationIsVisible = 0;
			defaultConfigurationName = Release;
		};
/* End XCConfigurationList section */
	};
	rootObject = D8B9A2321A30EDDF00D98715 /* Project object */;
}
